
Microsoft Visual Studio Solution File, Format Version 12.00
# Visual Studio 15
VisualStudioVersion = 15.0.27703.2000
MinimumVisualStudioVersion = 10.0.40219.1
Project("{FAE04EC0-301F-11D3-BF4B-00C04F79EFBC}") = "Archery", "Archery\Archery.csproj", "{13780E2F-2528-4A10-A5AC-6B22D1FAC35D}"
EndProject
Global
	GlobalSection(SolutionConfigurationPlatforms) = preSolution
		Debug|Any CPU = Debug|Any CPU
		Release|Any CPU = Release|Any CPU
	EndGlobalSection
	GlobalSection(ProjectConfigurationPlatforms) = postSolution
		{13780E2F-2528-4A10-A5AC-6B22D1FAC35D}.Debug|Any CPU.ActiveCfg = Debug|Any CPU
		{13780E2F-2528-4A10-A5AC-6B22D1FAC35D}.Debug|Any CPU.Build.0 = Debug|Any CPU
		{13780E2F-2528-4A10-A5AC-6B22D1FAC35D}.Release|Any CPU.ActiveCfg = Release|Any CPU
		{13780E2F-2528-4A10-A5AC-6B22D1FAC35D}.Release|Any CPU.Build.0 = Release|Any CPU
	EndGlobalSection
	GlobalSection(SolutionProperties) = preSolution
		HideSolutionNode = FALSE
	EndGlobalSection
	GlobalSection(ExtensibilityGlobals) = postSolution
		SolutionGuid = {4CF96021-9E43-4D5C-96A9-23A70DCC250F}
	EndGlobalSection
EndGlobal
